
Microsoft Visual Studio Solution File, Format Version 12.00
# Visual Studio Version 17
VisualStudioVersion = 17.5.002.0
MinimumVisualStudioVersion = 10.0.40219.1
Project("{9A19103F-16F7-4668-BE54-9A1E7A4F7556}") = "MAVE", "MAVE.csproj", "{61D0E381-62CE-4BEF-930A-11C4AD448635}"
EndProject
Global
	GlobalSection(SolutionConfigurationPlatforms) = preSolution
		Debug|Any CPU = Debug|Any CPU
		Release|Any CPU = Release|Any CPU
	EndGlobalSection
	GlobalSection(ProjectConfigurationPlatforms) = postSolution
		{61D0E381-62CE-4BEF-930A-11C4AD448635}.Debug|Any CPU.ActiveCfg = Debug|Any CPU
		{61D0E381-62CE-4BEF-930A-11C4AD448635}.Debug|Any CPU.Build.0 = Debug|Any CPU
		{61D0E381-62CE-4BEF-930A-11C4AD448635}.Release|Any CPU.ActiveCfg = Release|Any CPU
		{61D0E381-62CE-4BEF-930A-11C4AD448635}.Release|Any CPU.Build.0 = Release|Any CPU
	EndGlobalSection
	GlobalSection(SolutionProperties) = preSolution
		HideSolutionNode = FALSE
	EndGlobalSection
	GlobalSection(ExtensibilityGlobals) = postSolution
		SolutionGuid = {970D085C-0E3C-46A0-A7D5-8F3FFFA942D9}
	EndGlobalSection
EndGlobal
